// !$*UTF8*$!
{
	archiveVersion = 1;
	classes = {
	};
	objectVersion = 55;
	objects = {

/* Begin PBXBuildFile section */
		4E868B8C27B5AB6500A8A323 /* NikolaevAA_3_7App.swift in Sources */ = {isa = PBXBuildFile; fileRef = 4E868B8B27B5AB6500A8A323 /* NikolaevAA_3_7App.swift */; };
		4E868B9027B5AB6700A8A323 /* Assets.xcassets in Resources */ = {isa = PBXBuildFile; fileRef = 4E868B8F27B5AB6700A8A323 /* Assets.xcassets */; };
		4E868B9327B5AB6700A8A323 /* Preview Assets.xcassets in Resources */ = {isa = PBXBuildFile; fileRef = 4E868B9227B5AB6700A8A323 /* Preview Assets.xcassets */; };
		4E868B9B27B5ABCA00A8A323 /* Award.swift in Sources */ = {isa = PBXBuildFile; fileRef = 4E868B9A27B5ABCA00A8A323 /* Award.swift */; };
		4E868B9E27B5AC3700A8A323 /* GradientRectangles.swift in Sources */ = {isa = PBXBuildFile; fileRef = 4E868B9D27B5AC3700A8A323 /* GradientRectangles.swift */; };
		4E868BA027B5AC7300A8A323 /* PathView.swift in Sources */ = {isa = PBXBuildFile; fileRef = 4E868B9F27B5AC7300A8A323 /* PathView.swift */; };
		4E868BA227B5ACA200A8A323 /* CurvesView.swift in Sources */ = {isa = PBXBuildFile; fileRef = 4E868BA127B5ACA200A8A323 /* CurvesView.swift */; };
		4E868BA427B5ACCE00A8A323 /* HypocycloidView.swift in Sources */ = {isa = PBXBuildFile; fileRef = 4E868BA327B5ACCE00A8A323 /* HypocycloidView.swift */; };
		4E868BA727B5AD2900A8A323 /* CustomGridView.swift in Sources */ = {isa = PBXBuildFile; fileRef = 4E868BA627B5AD2900A8A323 /* CustomGridView.swift */; };
		4E868BA927B5AD5300A8A323 /* VerticalGridView.swift in Sources */ = {isa = PBXBuildFile; fileRef = 4E868BA827B5AD5300A8A323 /* VerticalGridView.swift */; };
		4E868BAB27B5AD7D00A8A323 /* HorizontalGridView.swift in Sources */ = {isa = PBXBuildFile; fileRef = 4E868BAA27B5AD7D00A8A323 /* HorizontalGridView.swift */; };
		4E868BAD27B5ADCE00A8A323 /* StarterView.swift in Sources */ = {isa = PBXBuildFile; fileRef = 4E868BAC27B5ADCE00A8A323 /* StarterView.swift */; };
		4E868BAF27B5ADF900A8A323 /* MainView.swift in Sources */ = {isa = PBXBuildFile; fileRef = 4E868BAE27B5ADF900A8A323 /* MainView.swift */; };
		4E868BB127B5AE0900A8A323 /* AwardsView.swift in Sources */ = {isa = PBXBuildFile; fileRef = 4E868BB027B5AE0900A8A323 /* AwardsView.swift */; };
/* End PBXBuildFile section */

/* Begin PBXFileReference section */
		4E868B8827B5AB6500A8A323 /* NikolaevAA_3.7.app */ = {isa = PBXFileReference; explicitFileType = wrapper.application; includeInIndex = 0; path = NikolaevAA_3.7.app; sourceTree = BUILT_PRODUCTS_DIR; };
		4E868B8B27B5AB6500A8A323 /* NikolaevAA_3_7App.swift */ = {isa = PBXFileReference; lastKnownFileType = sourcecode.swift; path = NikolaevAA_3_7App.swift; sourceTree = "<group>"; };
		4E868B8F27B5AB6700A8A323 /* Assets.xcassets */ = {isa = PBXFileReference; lastKnownFileType = folder.assetcatalog; path = Assets.xcassets; sourceTree = "<group>"; };
		4E868B9227B5AB6700A8A323 /* Preview Assets.xcassets */ = {isa = PBXFileReference; lastKnownFileType = folder.assetcatalog; path = "Preview Assets.xcassets"; sourceTree = "<group>"; };
		4E868B9A27B5ABCA00A8A323 /* Award.swift */ = {isa = PBXFileReference; lastKnownFileType = sourcecode.swift; path = Award.swift; sourceTree = "<group>"; };
		4E868B9D27B5AC3700A8A323 /* GradientRectangles.swift */ = {isa = PBXFileReference; lastKnownFileType = sourcecode.swift; path = GradientRectangles.swift; sourceTree = "<group>"; };
		4E868B9F27B5AC7300A8A323 /* PathView.swift */ = {isa = PBXFileReference; lastKnownFileType = sourcecode.swift; path = PathView.swift; sourceTree = "<group>"; };
		4E868BA127B5ACA200A8A323 /* CurvesView.swift */ = {isa = PBXFileReference; lastKnownFileType = sourcecode.swift; path = CurvesView.swift; sourceTree = "<group>"; };
		4E868BA327B5ACCE00A8A323 /* HypocycloidView.swift */ = {isa = PBXFileReference; lastKnownFileType = sourcecode.swift; path = HypocycloidView.swift; sourceTree = "<group>"; };
		4E868BA627B5AD2900A8A323 /* CustomGridView.swift */ = {isa = PBXFileReference; lastKnownFileType = sourcecode.swift; path = CustomGridView.swift; sourceTree = "<group>"; };
		4E868BA827B5AD5300A8A323 /* VerticalGridView.swift */ = {isa = PBXFileReference; lastKnownFileType = sourcecode.swift; path = VerticalGridView.swift; sourceTree = "<group>"; };
		4E868BAA27B5AD7D00A8A323 /* HorizontalGridView.swift */ = {isa = PBXFileReference; lastKnownFileType = sourcecode.swift; path = HorizontalGridView.swift; sourceTree = "<group>"; };
		4E868BAC27B5ADCE00A8A323 /* StarterView.swift */ = {isa = PBXFileReference; lastKnownFileType = sourcecode.swift; path = StarterView.swift; sourceTree = "<group>"; };
		4E868BAE27B5ADF900A8A323 /* MainView.swift */ = {isa = PBXFileReference; lastKnownFileType = sourcecode.swift; path = MainView.swift; sourceTree = "<group>"; };
		4E868BB027B5AE0900A8A323 /* AwardsView.swift */ = {isa = PBXFileReference; lastKnownFileType = sourcecode.swift; path = AwardsView.swift; sourceTree = "<group>"; };
/* End PBXFileReference section */

/* Begin PBXFrameworksBuildPhase section */
		4E868B8527B5AB6500A8A323 /* Frameworks */ = {
			isa = PBXFrameworksBuildPhase;
			buildActionMask = 2147483647;
			files = (
			);
			runOnlyForDeploymentPostprocessing = 0;
		};
/* End PBXFrameworksBuildPhase section */

/* Begin PBXGroup section */
		4E868B7F27B5AB6500A8A323 = {
			isa = PBXGroup;
			children = (
				4E868B8A27B5AB6500A8A323 /* NikolaevAA_3.7 */,
				4E868B8927B5AB6500A8A323 /* Products */,
			);
			sourceTree = "<group>";
		};
		4E868B8927B5AB6500A8A323 /* Products */ = {
			isa = PBXGroup;
			children = (
				4E868B8827B5AB6500A8A323 /* NikolaevAA_3.7.app */,
			);
			name = Products;
			sourceTree = "<group>";
		};
		4E868B8A27B5AB6500A8A323 /* NikolaevAA_3.7 */ = {
			isa = PBXGroup;
			children = (
				4E868BA527B5AD0400A8A323 /* Grids */,
				4E868B9C27B5AC0600A8A323 /* Awards */,
				4E868B9927B5AB9000A8A323 /* Models */,
				4E868B8B27B5AB6500A8A323 /* NikolaevAA_3_7App.swift */,
				4E868BAC27B5ADCE00A8A323 /* StarterView.swift */,
				4E868BAE27B5ADF900A8A323 /* MainView.swift */,
				4E868BB027B5AE0900A8A323 /* AwardsView.swift */,
				4E868B8F27B5AB6700A8A323 /* Assets.xcassets */,
				4E868B9127B5AB6700A8A323 /* Preview Content */,
			);
			path = NikolaevAA_3.7;
			sourceTree = "<group>";
		};
		4E868B9127B5AB6700A8A323 /* Preview Content */ = {
			isa = PBXGroup;
			children = (
				4E868B9227B5AB6700A8A323 /* Preview Assets.xcassets */,
			);
			path = "Preview Content";
			sourceTree = "<group>";
		};
		4E868B9927B5AB9000A8A323 /* Models */ = {
			isa = PBXGroup;
			children = (
				4E868B9A27B5ABCA00A8A323 /* Award.swift */,
			);
			path = Models;
			sourceTree = "<group>";
		};
		4E868B9C27B5AC0600A8A323 /* Awards */ = {
			isa = PBXGroup;
			children = (
				4E868B9D27B5AC3700A8A323 /* GradientRectangles.swift */,
				4E868B9F27B5AC7300A8A323 /* PathView.swift */,
				4E868BA127B5ACA200A8A323 /* CurvesView.swift */,
				4E868BA327B5ACCE00A8A323 /* HypocycloidView.swift */,
			);
			path = Awards;
			sourceTree = "<group>";
		};
		4E868BA527B5AD0400A8A323 /* Grids */ = {
			isa = PBXGroup;
			children = (
				4E868BA627B5AD2900A8A323 /* CustomGridView.swift */,
				4E868BA827B5AD5300A8A323 /* VerticalGridView.swift */,
				4E868BAA27B5AD7D00A8A323 /* HorizontalGridView.swift */,
			);
			path = Grids;
			sourceTree = "<group>";
		};
/* End PBXGroup section */

/* Begin PBXNativeTarget section */
		4E868B8727B5AB6500A8A323 /* NikolaevAA_3.7 */ = {
			isa = PBXNativeTarget;
			buildConfigurationList = 4E868B9627B5AB6700A8A323 /* Build configuration list for PBXNativeTarget "NikolaevAA_3.7" */;
			buildPhases = (
				4E868B8427B5AB6500A8A323 /* Sources */,
				4E868B8527B5AB6500A8A323 /* Frameworks */,
				4E868B8627B5AB6500A8A323 /* Resources */,
			);
			buildRules = (
			);
			dependencies = (
			);
			name = NikolaevAA_3.7;
			productName = NikolaevAA_3.7;
			productReference = 4E868B8827B5AB6500A8A323 /* NikolaevAA_3.7.app */;
			productType = "com.apple.product-type.application";
		};
/* End PBXNativeTarget section */

/* Begin PBXProject section */
		4E868B8027B5AB6500A8A323 /* Project object */ = {
			isa = PBXProject;
			attributes = {
				BuildIndependentTargetsInParallel = 1;
				LastSwiftUpdateCheck = 1300;
				LastUpgradeCheck = 1300;
				TargetAttributes = {
					4E868B8727B5AB6500A8A323 = {
						CreatedOnToolsVersion = 13.0;
					};
				};
			};
			buildConfigurationList = 4E868B8327B5AB6500A8A323 /* Build configuration list for PBXProject "NikolaevAA_3.7" */;
			compatibilityVersion = "Xcode 13.0";
			developmentRegion = en;
			hasScannedForEncodings = 0;
			knownRegions = (
				en,
				Base,
			);
			mainGroup = 4E868B7F27B5AB6500A8A323;
			productRefGroup = 4E868B8927B5AB6500A8A323 /* Products */;
			projectDirPath = "";
			projectRoot = "";
			targets = (
				4E868B8727B5AB6500A8A323 /* NikolaevAA_3.7 */,
			);
		};
/* End PBXProject section */

/* Begin PBXResourcesBuildPhase section */
		4E868B8627B5AB6500A8A323 /* Resources */ = {
			isa = PBXResourcesBuildPhase;
			buildActionMask = 2147483647;
			files = (
				4E868B9327B5AB6700A8A323 /* Preview Assets.xcassets in Resources */,
				4E868B9027B5AB6700A8A323 /* Assets.xcassets in Resources */,
			);
			runOnlyForDeploymentPostprocessing = 0;
		};
/* End PBXResourcesBuildPhase section */

/* Begin PBXSourcesBuildPhase section */
		4E868B8427B5AB6500A8A323 /* Sources */ = {
			isa = PBXSourcesBuildPhase;
			buildActionMask = 2147483647;
			files = (
				4E868BA227B5ACA200A8A323 /* CurvesView.swift in Sources */,
				4E868BA027B5AC7300A8A323 /* PathView.swift in Sources */,
				4E868BAB27B5AD7D00A8A323 /* HorizontalGridView.swift in Sources */,
				4E868BA427B5ACCE00A8A323 /* HypocycloidView.swift in Sources */,
				4E868BA727B5AD2900A8A323 /* CustomGridView.swift in Sources */,
				4E868BA927B5AD5300A8A323 /* VerticalGridView.swift in Sources */,
				4E868BAD27B5ADCE00A8A323 /* StarterView.swift in Sources */,
				4E868BAF27B5ADF900A8A323 /* MainView.swift in Sources */,
				4E868BB127B5AE0900A8A323 /* AwardsView.swift in Sources */,
				4E868B9E27B5AC3700A8A323 /* GradientRectangles.swift in Sources */,
				4E868B9B27B5ABCA00A8A323 /* Award.swift in Sources */,
				4E868B8C27B5AB6500A8A323 /* NikolaevAA_3_7App.swift in Sources */,
			);
			runOnlyForDeploymentPostprocessing = 0;
		};
/* End PBXSourcesBuildPhase section */

/* Begin XCBuildConfiguration section */
		4E868B9427B5AB6700A8A323 /* Debug */ = {
			isa = XCBuildConfiguration;
			buildSettings = {
				ALWAYS_SEARCH_USER_PATHS = NO;
				CLANG_ANALYZER_NONNULL = YES;
				CLANG_ANALYZER_NUMBER_OBJECT_CONVERSION = YES_AGGRESSIVE;
				CLANG_CXX_LANGUAGE_STANDARD = "gnu++17";
				CLANG_CXX_LIBRARY = "libc++";
				CLANG_ENABLE_MODULES = YES;
				CLANG_ENABLE_OBJC_ARC = YES;
				CLANG_ENABLE_OBJC_WEAK = YES;
				CLANG_WARN_BLOCK_CAPTURE_AUTORELEASING = YES;
				CLANG_WARN_BOOL_CONVERSION = YES;
				CLANG_WARN_COMMA = YES;
				CLANG_WARN_CONSTANT_CONVERSION = YES;
				CLANG_WARN_DEPRECATED_OBJC_IMPLEMENTATIONS = YES;
				CLANG_WARN_DIRECT_OBJC_ISA_USAGE = YES_ERROR;
				CLANG_WARN_DOCUMENTATION_COMMENTS = YES;
				CLANG_WARN_EMPTY_BODY = YES;
				CLANG_WARN_ENUM_CONVERSION = YES;
				CLANG_WARN_INFINITE_RECURSION = YES;
				CLANG_WARN_INT_CONVERSION = YES;
				CLANG_WARN_NON_LITERAL_NULL_CONVERSION = YES;
				CLANG_WARN_OBJC_IMPLICIT_RETAIN_SELF = YES;
				CLANG_WARN_OBJC_LITERAL_CONVERSION = YES;
				CLANG_WARN_OBJC_ROOT_CLASS = YES_ERROR;
				CLANG_WARN_QUOTED_INCLUDE_IN_FRAMEWORK_HEADER = YES;
				CLANG_WARN_RANGE_LOOP_ANALYSIS = YES;
				CLANG_WARN_STRICT_PROTOTYPES = YES;
				CLANG_WARN_SUSPICIOUS_MOVE = YES;
				CLANG_WARN_UNGUARDED_AVAILABILITY = YES_AGGRESSIVE;
				CLANG_WARN_UNREACHABLE_CODE = YES;
				CLANG_WARN__DUPLICATE_METHOD_MATCH = YES;
				COPY_PHASE_STRIP = NO;
				DEBUG_INFORMATION_FORMAT = dwarf;
				ENABLE_STRICT_OBJC_MSGSEND = YES;
				ENABLE_TESTABILITY = YES;
				GCC_C_LANGUAGE_STANDARD = gnu11;
				GCC_DYNAMIC_NO_PIC = NO;
				GCC_NO_COMMON_BLOCKS = YES;
				GCC_OPTIMIZATION_LEVEL = 0;
				GCC_PREPROCESSOR_DEFINITIONS = (
					"DEBUG=1",
					"$(inherited)",
				);
				GCC_WARN_64_TO_32_BIT_CONVERSION = YES;
				GCC_WARN_ABOUT_RETURN_TYPE = YES_ERROR;
				GCC_WARN_UNDECLARED_SELECTOR = YES;
				GCC_WARN_UNINITIALIZED_AUTOS = YES_AGGRESSIVE;
				GCC_WARN_UNUSED_FUNCTION = YES;
				GCC_WARN_UNUSED_VARIABLE = YES;
				IPHONEOS_DEPLOYMENT_TARGET = 15.0;
				MTL_ENABLE_DEBUG_INFO = INCLUDE_SOURCE;
				MTL_FAST_MATH = YES;
				ONLY_ACTIVE_ARCH = YES;
				SDKROOT = iphoneos;
				SWIFT_ACTIVE_COMPILATION_CONDITIONS = DEBUG;
				SWIFT_OPTIMIZATION_LEVEL = "-Onone";
			};
			name = Debug;
		};
		4E868B9527B5AB6700A8A323 /* Release */ = {
			isa = XCBuildConfiguration;
			buildSettings = {
				ALWAYS_SEARCH_USER_PATHS = NO;
				CLANG_ANALYZER_NONNULL = YES;
				CLANG_ANALYZER_NUMBER_OBJECT_CONVERSION = YES_AGGRESSIVE;
				CLANG_CXX_LANGUAGE_STANDARD = "gnu++17";
				CLANG_CXX_LIBRARY = "libc++";
				CLANG_ENABLE_MODULES = YES;
				CLANG_ENABLE_OBJC_ARC = YES;
				CLANG_ENABLE_OBJC_WEAK = YES;
				CLANG_WARN_BLOCK_CAPTURE_AUTORELEASING = YES;
				CLANG_WARN_BOOL_CONVERSION = YES;
				CLANG_WARN_COMMA = YES;
				CLANG_WARN_CONSTANT_CONVERSION = YES;
				CLANG_WARN_DEPRECATED_OBJC_IMPLEMENTATIONS = YES;
				CLANG_WARN_DIRECT_OBJC_ISA_USAGE = YES_ERROR;
				CLANG_WARN_DOCUMENTATION_COMMENTS = YES;
				CLANG_WARN_EMPTY_BODY = YES;
				CLANG_WARN_ENUM_CONVERSION = YES;
				CLANG_WARN_INFINITE_RECURSION = YES;
				CLANG_WARN_INT_CONVERSION = YES;
				CLANG_WARN_NON_LITERAL_NULL_CONVERSION = YES;
				CLANG_WARN_OBJC_IMPLICIT_RETAIN_SELF = YES;
				CLANG_WARN_OBJC_LITERAL_CONVERSION = YES;
				CLANG_WARN_OBJC_ROOT_CLASS = YES_ERROR;
				CLANG_WARN_QUOTED_INCLUDE_IN_FRAMEWORK_HEADER = YES;
				CLANG_WARN_RANGE_LOOP_ANALYSIS = YES;
				CLANG_WARN_STRICT_PROTOTYPES = YES;
				CLANG_WARN_SUSPICIOUS_MOVE = YES;
				CLANG_WARN_UNGUARDED_AVAILABILITY = YES_AGGRESSIVE;
				CLANG_WARN_UNREACHABLE_CODE = YES;
				CLANG_WARN__DUPLICATE_METHOD_MATCH = YES;
				COPY_PHASE_STRIP = NO;
				DEBUG_INFORMATION_FORMAT = "dwarf-with-dsym";
				ENABLE_NS_ASSERTIONS = NO;
				ENABLE_STRICT_OBJC_MSGSEND = YES;
				GCC_C_LANGUAGE_STANDARD = gnu11;
				GCC_NO_COMMON_BLOCKS = YES;
				GCC_WARN_64_TO_32_BIT_CONVERSION = YES;
				GCC_WARN_ABOUT_RETURN_TYPE = YES_ERROR;
				GCC_WARN_UNDECLARED_SELECTOR = YES;
				GCC_WARN_UNINITIALIZED_AUTOS = YES_AGGRESSIVE;
				GCC_WARN_UNUSED_FUNCTION = YES;
				GCC_WARN_UNUSED_VARIABLE = YES;
				IPHONEOS_DEPLOYMENT_TARGET = 15.0;
				MTL_ENABLE_DEBUG_INFO = NO;
				MTL_FAST_MATH = YES;
				SDKROOT = iphoneos;
				SWIFT_COMPILATION_MODE = wholemodule;
				SWIFT_OPTIMIZATION_LEVEL = "-O";
				VALIDATE_PRODUCT = YES;
			};
			name = Release;
		};
		4E868B9727B5AB6700A8A323 /* Debug */ = {
			isa = XCBuildConfiguration;
			buildSettings = {
				ASSETCATALOG_COMPILER_APPICON_NAME = AppIcon;
				ASSETCATALOG_COMPILER_GLOBAL_ACCENT_COLOR_NAME = AccentColor;
				CODE_SIGN_STYLE = Automatic;
				CURRENT_PROJECT_VERSION = 1;
				DEVELOPMENT_ASSET_PATHS = "\"NikolaevAA_3.7/Preview Content\"";
				ENABLE_PREVIEWS = YES;
				GENERATE_INFOPLIST_FILE = YES;
				INFOPLIST_KEY_UIApplicationSceneManifest_Generation = YES;
				INFOPLIST_KEY_UIApplicationSupportsIndirectInputEvents = YES;
				INFOPLIST_KEY_UILaunchScreen_Generation = YES;
				INFOPLIST_KEY_UISupportedInterfaceOrientations_iPad = "UIInterfaceOrientationPortrait UIInterfaceOrientationPortraitUpsideDown UIInterfaceOrientationLandscapeLeft UIInterfaceOrientationLandscapeRight";
				INFOPLIST_KEY_UISupportedInterfaceOrientations_iPhone = "UIInterfaceOrientationPortrait UIInterfaceOrientationLandscapeLeft UIInterfaceOrientationLandscapeRight";
				IPHONEOS_DEPLOYMENT_TARGET = 14.0;
				LD_RUNPATH_SEARCH_PATHS = (
					"$(inherited)",
					"@executable_path/Frameworks",
				);
				MARKETING_VERSION = 1.0;
				PRODUCT_BUNDLE_IDENTIFIER = "-2.NikolaevAA-3-7";
				PRODUCT_NAME = "$(TARGET_NAME)";
				SWIFT_EMIT_LOC_STRINGS = YES;
				SWIFT_VERSION = 5.0;
				TARGETED_DEVICE_FAMILY = "1,2";
			};
			name = Debug;
		};
		4E868B9827B5AB6700A8A323 /* Release */ = {
			isa = XCBuildConfiguration;
			buildSettings = {
				ASSETCATALOG_COMPILER_APPICON_NAME = AppIcon;
				ASSETCATALOG_COMPILER_GLOBAL_ACCENT_COLOR_NAME = AccentColor;
				CODE_SIGN_STYLE = Automatic;
				CURRENT_PROJECT_VERSION = 1;
				DEVELOPMENT_ASSET_PATHS = "\"NikolaevAA_3.7/Preview Content\"";
				ENABLE_PREVIEWS = YES;
				GENERATE_INFOPLIST_FILE = YES;
				INFOPLIST_KEY_UIApplicationSceneManifest_Generation = YES;
				INFOPLIST_KEY_UIApplicationSupportsIndirectInputEvents = YES;
				INFOPLIST_KEY_UILaunchScreen_Generation = YES;
				INFOPLIST_KEY_UISupportedInterfaceOrientations_iPad = "UIInterfaceOrientationPortrait UIInterfaceOrientationPortraitUpsideDown UIInterfaceOrientationLandscapeLeft UIInterfaceOrientationLandscapeRight";
				INFOPLIST_KEY_UISupportedInterfaceOrientations_iPhone = "UIInterfaceOrientationPortrait UIInterfaceOrientationLandscapeLeft UIInterfaceOrientationLandscapeRight";
				IPHONEOS_DEPLOYMENT_TARGET = 14.0;
				LD_RUNPATH_SEARCH_PATHS = (
					"$(inherited)",
					"@executable_path/Frameworks",
				);
				MARKETING_VERSION = 1.0;
				PRODUCT_BUNDLE_IDENTIFIER = "-2.NikolaevAA-3-7";
				PRODUCT_NAME = "$(TARGET_NAME)";
				SWIFT_EMIT_LOC_STRINGS = YES;
				SWIFT_VERSION = 5.0;
				TARGETED_DEVICE_FAMILY = "1,2";
			};
			name = Release;
		};
/* End XCBuildConfiguration section */

/* Begin XCConfigurationList section */
		4E868B8327B5AB6500A8A323 /* Build configuration list for PBXProject "NikolaevAA_3.7" */ = {
			isa = XCConfigurationList;
			buildConfigurations = (
				4E868B9427B5AB6700A8A323 /* Debug */,
				4E868B9527B5AB6700A8A323 /* Release */,
			);
			defaultConfigurationIsVisible = 0;
			defaultConfigurationName = Release;
		};
		4E868B9627B5AB6700A8A323 /* Build configuration list for PBXNativeTarget "NikolaevAA_3.7" */ = {
			isa = XCConfigurationList;
			buildConfigurations = (
				4E868B9727B5AB6700A8A323 /* Debug */,
				4E868B9827B5AB6700A8A323 /* Release */,
			);
			defaultConfigurationIsVisible = 0;
			defaultConfigurationName = Release;
		};
/* End XCConfigurationList section */
	};
	rootObject = 4E868B8027B5AB6500A8A323 /* Project object */;
}
